
Microsoft Visual Studio Solution File, Format Version 12.00
# Visual Studio Version 16
VisualStudioVersion = 16.0.31424.327
MinimumVisualStudioVersion = 10.0.40219.1
Project("{FAE04EC0-301F-11D3-BF4B-00C04F79EFBC}") = "Koru_Sigorta_Randevu_Ekranlari", "Koru_Sigorta_Randevu_Ekranlari\Koru_Sigorta_Randevu_Ekranlari.csproj", "{578C07AB-83F5-40D5-B469-2C9128F25BE4}"
EndProject
Global
	GlobalSection(SolutionConfigurationPlatforms) = preSolution
		Debug|Any CPU = Debug|Any CPU
		Release|Any CPU = Release|Any CPU
	EndGlobalSection
	GlobalSection(ProjectConfigurationPlatforms) = postSolution
		{578C07AB-83F5-40D5-B469-2C9128F25BE4}.Debug|Any CPU.ActiveCfg = Debug|Any CPU
		{578C07AB-83F5-40D5-B469-2C9128F25BE4}.Debug|Any CPU.Build.0 = Debug|Any CPU
		{578C07AB-83F5-40D5-B469-2C9128F25BE4}.Release|Any CPU.ActiveCfg = Release|Any CPU
		{578C07AB-83F5-40D5-B469-2C9128F25BE4}.Release|Any CPU.Build.0 = Release|Any CPU
	EndGlobalSection
	GlobalSection(SolutionProperties) = preSolution
		HideSolutionNode = FALSE
	EndGlobalSection
	GlobalSection(ExtensibilityGlobals) = postSolution
		SolutionGuid = {14FA9B07-1B50-4F25-AD6A-4948C0B0B894}
	EndGlobalSection
EndGlobal
